// !$*UTF8*$!
{
	archiveVersion = 1;
	classes = {
	};
	objectVersion = 46;
	objects = {

/* Begin PBXBuildFile section */
		A19A5C16207088CF00282829 /* KaraokeDropView.m in Sources */ = {isa = PBXBuildFile; fileRef = A19A5C15207088CF00282829 /* KaraokeDropView.m */; };
		A19A5C3C2071523800282829 /* CDGToMp4.m in Sources */ = {isa = PBXBuildFile; fileRef = 5F0800EF1F19237200E104C3 /* CDGToMp4.m */; };
		A19A5C3D2071523B00282829 /* CDGraphicsReader.m in Sources */ = {isa = PBXBuildFile; fileRef = 5F5C72F9200D36D600D66929 /* CDGraphicsReader.m */; };
		A19A5C412071525800282829 /* libKaraokeLib.a in Frameworks */ = {isa = PBXBuildFile; fileRef = A19A5C332071522700282829 /* libKaraokeLib.a */; };
		A19A5C422071526100282829 /* libKaraokeLib.a in Frameworks */ = {isa = PBXBuildFile; fileRef = A19A5C332071522700282829 /* libKaraokeLib.a */; };
		A1FE252F20354A78001FB264 /* AppDelegate.m in Sources */ = {isa = PBXBuildFile; fileRef = A1FE252E20354A78001FB264 /* AppDelegate.m */; };
		A1FE253220354A78001FB264 /* ViewController.m in Sources */ = {isa = PBXBuildFile; fileRef = A1FE253120354A78001FB264 /* ViewController.m */; };
		A1FE253420354A78001FB264 /* Assets.xcassets in Resources */ = {isa = PBXBuildFile; fileRef = A1FE253320354A78001FB264 /* Assets.xcassets */; };
		A1FE253720354A78001FB264 /* Main.storyboard in Resources */ = {isa = PBXBuildFile; fileRef = A1FE253520354A78001FB264 /* Main.storyboard */; };
		A1FE253A20354A78001FB264 /* main.m in Sources */ = {isa = PBXBuildFile; fileRef = A1FE253920354A78001FB264 /* main.m */; };
/* End PBXBuildFile section */

/* Begin PBXContainerItemProxy section */
		A19A5C3F2071525300282829 /* PBXContainerItemProxy */ = {
			isa = PBXContainerItemProxy;
			containerPortal = 5F480BD61EE7332800D3E7C9 /* Project object */;
			proxyType = 1;
			remoteGlobalIDString = A19A5C322071522700282829;
			remoteInfo = KaraokeLib;
		};
		A19A5C432071526600282829 /* PBXContainerItemProxy */ = {
			isa = PBXContainerItemProxy;
			containerPortal = 5F480BD61EE7332800D3E7C9 /* Project object */;
			proxyType = 1;
			remoteGlobalIDString = A19A5C322071522700282829;
			remoteInfo = KaraokeLib;
		};
/* End PBXContainerItemProxy section */

/* Begin PBXCopyFilesBuildPhase section */
		5F480BDC1EE7332800D3E7C9 /* CopyFiles */ = {
			isa = PBXCopyFilesBuildPhase;
			buildActionMask = 2147483647;
			dstPath = /usr/share/man/man1/;
			dstSubfolderSpec = 0;
			files = (
			);
			runOnlyForDeploymentPostprocessing = 1;
		};
		A1F26DCE206B71650042D568 /* CopyFiles */ = {
			isa = PBXCopyFilesBuildPhase;
			buildActionMask = 2147483647;
			dstPath = "";
			dstSubfolderSpec = 10;
			files = (
			);
			runOnlyForDeploymentPostprocessing = 0;
		};
/* End PBXCopyFilesBuildPhase section */

/* Begin PBXFileReference section */
		5F0800E31F19233D00E104C3 /* KaraokeLib.h */ = {isa = PBXFileReference; lastKnownFileType = sourcecode.c.h; path = KaraokeLib.h; sourceTree = "<group>"; };
		5F0800E51F19233D00E104C3 /* KaraokeLib.m */ = {isa = PBXFileReference; lastKnownFileType = sourcecode.c.objc; path = KaraokeLib.m; sourceTree = "<group>"; };
		5F0800EE1F19237200E104C3 /* CDGToMp4.h */ = {isa = PBXFileReference; fileEncoding = 4; lastKnownFileType = sourcecode.c.h; path = CDGToMp4.h; sourceTree = "<group>"; };
		5F0800EF1F19237200E104C3 /* CDGToMp4.m */ = {isa = PBXFileReference; fileEncoding = 4; lastKnownFileType = sourcecode.c.objc; path = CDGToMp4.m; sourceTree = "<group>"; };
		5F0F18B31F4115CA0076AFCC /* Jay-Z & Alicia Keys - Empire State Of Mind.cdg */ = {isa = PBXFileReference; lastKnownFileType = file; name = "Jay-Z & Alicia Keys - Empire State Of Mind.cdg"; path = "../Resources/Jay-Z & Alicia Keys - Empire State Of Mind.cdg"; sourceTree = "<group>"; };
		5F0F18B41F4115CA0076AFCC /* Jay-Z & Alicia Keys - Empire State Of Mind.mp3 */ = {isa = PBXFileReference; lastKnownFileType = audio.mp3; name = "Jay-Z & Alicia Keys - Empire State Of Mind.mp3"; path = "../Resources/Jay-Z & Alicia Keys - Empire State Of Mind.mp3"; sourceTree = "<group>"; };
		5F480BDE1EE7332800D3E7C9 /* KaraokeToVideo */ = {isa = PBXFileReference; explicitFileType = "compiled.mach-o.executable"; includeInIndex = 0; path = KaraokeToVideo; sourceTree = BUILT_PRODUCTS_DIR; };
		5F480BE11EE7332800D3E7C9 /* main.m */ = {isa = PBXFileReference; lastKnownFileType = sourcecode.c.objc; path = main.m; sourceTree = "<group>"; };
		5F5C72F8200D36D600D66929 /* CDGraphicsReader.h */ = {isa = PBXFileReference; fileEncoding = 4; lastKnownFileType = sourcecode.c.h; path = CDGraphicsReader.h; sourceTree = "<group>"; };
		5F5C72F9200D36D600D66929 /* CDGraphicsReader.m */ = {isa = PBXFileReference; fileEncoding = 4; lastKnownFileType = sourcecode.c.objc; path = CDGraphicsReader.m; sourceTree = "<group>"; };
		A19A5C14207088CF00282829 /* KaraokeDropView.h */ = {isa = PBXFileReference; fileEncoding = 4; lastKnownFileType = sourcecode.c.h; path = KaraokeDropView.h; sourceTree = "<group>"; };
		A19A5C15207088CF00282829 /* KaraokeDropView.m */ = {isa = PBXFileReference; fileEncoding = 4; lastKnownFileType = sourcecode.c.objc; path = KaraokeDropView.m; sourceTree = "<group>"; };
		A19A5C332071522700282829 /* libKaraokeLib.a */ = {isa = PBXFileReference; explicitFileType = archive.ar; includeInIndex = 0; path = libKaraokeLib.a; sourceTree = BUILT_PRODUCTS_DIR; };
		A1FE252B20354A78001FB264 /* KaraokeToVideoGUI.app */ = {isa = PBXFileReference; explicitFileType = wrapper.application; includeInIndex = 0; path = KaraokeToVideoGUI.app; sourceTree = BUILT_PRODUCTS_DIR; };
		A1FE252D20354A78001FB264 /* AppDelegate.h */ = {isa = PBXFileReference; lastKnownFileType = sourcecode.c.h; path = AppDelegate.h; sourceTree = "<group>"; };
		A1FE252E20354A78001FB264 /* AppDelegate.m */ = {isa = PBXFileReference; lastKnownFileType = sourcecode.c.objc; path = AppDelegate.m; sourceTree = "<group>"; };
		A1FE253020354A78001FB264 /* ViewController.h */ = {isa = PBXFileReference; lastKnownFileType = sourcecode.c.h; path = ViewController.h; sourceTree = "<group>"; };
		A1FE253120354A78001FB264 /* ViewController.m */ = {isa = PBXFileReference; lastKnownFileType = sourcecode.c.objc; path = ViewController.m; sourceTree = "<group>"; };
		A1FE253320354A78001FB264 /* Assets.xcassets */ = {isa = PBXFileReference; lastKnownFileType = folder.assetcatalog; path = Assets.xcassets; sourceTree = "<group>"; };
		A1FE253620354A78001FB264 /* Base */ = {isa = PBXFileReference; lastKnownFileType = file.storyboard; name = Base; path = Base.lproj/Main.storyboard; sourceTree = "<group>"; };
		A1FE253820354A78001FB264 /* Info.plist */ = {isa = PBXFileReference; lastKnownFileType = text.plist.xml; path = Info.plist; sourceTree = "<group>"; };
		A1FE253920354A78001FB264 /* main.m */ = {isa = PBXFileReference; lastKnownFileType = sourcecode.c.objc; path = main.m; sourceTree = "<group>"; };
		A1FE253B20354A78001FB264 /* KaraokeToVideoGUI.entitlements */ = {isa = PBXFileReference; lastKnownFileType = text.plist.entitlements; path = KaraokeToVideoGUI.entitlements; sourceTree = "<group>"; };
/* End PBXFileReference section */

/* Begin PBXFrameworksBuildPhase section */
		5F480BDB1EE7332800D3E7C9 /* Frameworks */ = {
			isa = PBXFrameworksBuildPhase;
			buildActionMask = 2147483647;
			files = (
				A19A5C412071525800282829 /* libKaraokeLib.a in Frameworks */,
			);
			runOnlyForDeploymentPostprocessing = 0;
		};
		A19A5C302071522700282829 /* Frameworks */ = {
			isa = PBXFrameworksBuildPhase;
			buildActionMask = 2147483647;
			files = (
			);
			runOnlyForDeploymentPostprocessing = 0;
		};
		A1FE252820354A78001FB264 /* Frameworks */ = {
			isa = PBXFrameworksBuildPhase;
			buildActionMask = 2147483647;
			files = (
				A19A5C422071526100282829 /* libKaraokeLib.a in Frameworks */,
			);
			runOnlyForDeploymentPostprocessing = 0;
		};
/* End PBXFrameworksBuildPhase section */

/* Begin PBXGroup section */
		5F0800E21F19233D00E104C3 /* KaraokeLib */ = {
			isa = PBXGroup;
			children = (
				5F0800E31F19233D00E104C3 /* KaraokeLib.h */,
				5F0800E51F19233D00E104C3 /* KaraokeLib.m */,
				5F0800EE1F19237200E104C3 /* CDGToMp4.h */,
				5F0800EF1F19237200E104C3 /* CDGToMp4.m */,
				5F5C72F8200D36D600D66929 /* CDGraphicsReader.h */,
				5F5C72F9200D36D600D66929 /* CDGraphicsReader.m */,
			);
			path = KaraokeLib;
			sourceTree = "<group>";
		};
		5F480BD51EE7332800D3E7C9 = {
			isa = PBXGroup;
			children = (
				A1FE252C20354A78001FB264 /* KaraokeToVideoGUI */,
				5F480BE01EE7332800D3E7C9 /* KaraokeToVideo */,
				5F0800E21F19233D00E104C3 /* KaraokeLib */,
				5FDAE9641EF7324A00F29C16 /* Resources */,
				5F480BDF1EE7332800D3E7C9 /* Products */,
				A1F26DCC206B6F620042D568 /* Frameworks */,
			);
			sourceTree = "<group>";
		};
		5F480BDF1EE7332800D3E7C9 /* Products */ = {
			isa = PBXGroup;
			children = (
				5F480BDE1EE7332800D3E7C9 /* KaraokeToVideo */,
				A1FE252B20354A78001FB264 /* KaraokeToVideoGUI.app */,
				A19A5C332071522700282829 /* libKaraokeLib.a */,
			);
			name = Products;
			sourceTree = "<group>";
		};
		5F480BE01EE7332800D3E7C9 /* KaraokeToVideo */ = {
			isa = PBXGroup;
			children = (
				5F480BE11EE7332800D3E7C9 /* main.m */,
			);
			path = KaraokeToVideo;
			sourceTree = "<group>";
		};
		5FDAE9641EF7324A00F29C16 /* Resources */ = {
			isa = PBXGroup;
			children = (
				5F0F18B31F4115CA0076AFCC /* Jay-Z & Alicia Keys - Empire State Of Mind.cdg */,
				5F0F18B41F4115CA0076AFCC /* Jay-Z & Alicia Keys - Empire State Of Mind.mp3 */,
			);
			name = Resources;
			sourceTree = "<group>";
		};
		A1F26DCC206B6F620042D568 /* Frameworks */ = {
			isa = PBXGroup;
			children = (
			);
			name = Frameworks;
			sourceTree = "<group>";
		};
		A1FE252C20354A78001FB264 /* KaraokeToVideoGUI */ = {
			isa = PBXGroup;
			children = (
				A1FE252D20354A78001FB264 /* AppDelegate.h */,
				A1FE252E20354A78001FB264 /* AppDelegate.m */,
				A1FE253020354A78001FB264 /* ViewController.h */,
				A1FE253120354A78001FB264 /* ViewController.m */,
				A19A5C14207088CF00282829 /* KaraokeDropView.h */,
				A19A5C15207088CF00282829 /* KaraokeDropView.m */,
				A1FE253320354A78001FB264 /* Assets.xcassets */,
				A1FE253520354A78001FB264 /* Main.storyboard */,
				A1FE253820354A78001FB264 /* Info.plist */,
				A1FE253920354A78001FB264 /* main.m */,
				A1FE253B20354A78001FB264 /* KaraokeToVideoGUI.entitlements */,
			);
			path = KaraokeToVideoGUI;
			sourceTree = "<group>";
		};
/* End PBXGroup section */

/* Begin PBXHeadersBuildPhase section */
		A19A5C312071522700282829 /* Headers */ = {
			isa = PBXHeadersBuildPhase;
			buildActionMask = 2147483647;
			files = (
			);
			runOnlyForDeploymentPostprocessing = 0;
		};
/* End PBXHeadersBuildPhase section */

/* Begin PBXNativeTarget section */
		5F480BDD1EE7332800D3E7C9 /* KaraokeToVideo */ = {
			isa = PBXNativeTarget;
			buildConfigurationList = 5F480BE51EE7332800D3E7C9 /* Build configuration list for PBXNativeTarget "KaraokeToVideo" */;
			buildPhases = (
				5F480BDA1EE7332800D3E7C9 /* Sources */,
				5F480BDB1EE7332800D3E7C9 /* Frameworks */,
				5F480BDC1EE7332800D3E7C9 /* CopyFiles */,
			);
			buildRules = (
			);
			dependencies = (
				A19A5C402071525300282829 /* PBXTargetDependency */,
			);
			name = KaraokeToVideo;
			productName = KaraokeToVideo;
			productReference = 5F480BDE1EE7332800D3E7C9 /* KaraokeToVideo */;
			productType = "com.apple.product-type.tool";
		};
		A19A5C322071522700282829 /* KaraokeLib */ = {
			isa = PBXNativeTarget;
			buildConfigurationList = A19A5C392071522700282829 /* Build configuration list for PBXNativeTarget "KaraokeLib" */;
			buildPhases = (
				A19A5C2F2071522700282829 /* Sources */,
				A19A5C302071522700282829 /* Frameworks */,
				A19A5C312071522700282829 /* Headers */,
			);
			buildRules = (
			);
			dependencies = (
			);
			name = KaraokeLib;
			productName = KaraokeLib;
			productReference = A19A5C332071522700282829 /* libKaraokeLib.a */;
			productType = "com.apple.product-type.library.static";
		};
		A1FE252A20354A78001FB264 /* KaraokeToVideoGUI */ = {
			isa = PBXNativeTarget;
			buildConfigurationList = A1FE255220354A78001FB264 /* Build configuration list for PBXNativeTarget "KaraokeToVideoGUI" */;
			buildPhases = (
				A1FE252720354A78001FB264 /* Sources */,
				A1FE252820354A78001FB264 /* Frameworks */,
				A1FE252920354A78001FB264 /* Resources */,
				A1F26DCE206B71650042D568 /* CopyFiles */,
			);
			buildRules = (
			);
			dependencies = (
				A19A5C442071526600282829 /* PBXTargetDependency */,
			);
			name = KaraokeToVideoGUI;
			productName = KaraokeToVideoGUI;
			productReference = A1FE252B20354A78001FB264 /* KaraokeToVideoGUI.app */;
			productType = "com.apple.product-type.application";
		};
/* End PBXNativeTarget section */

/* Begin PBXProject section */
		5F480BD61EE7332800D3E7C9 /* Project object */ = {
			isa = PBXProject;
			attributes = {
				LastSwiftUpdateCheck = 0830;
				LastUpgradeCheck = 0930;
				ORGANIZATIONNAME = echo;
				TargetAttributes = {
					5F480BDD1EE7332800D3E7C9 = {
						CreatedOnToolsVersion = 8.3.2;
						DevelopmentTeam = 8ZKUDT7A65;
						ProvisioningStyle = Automatic;
					};
					A19A5C322071522700282829 = {
						CreatedOnToolsVersion = 9.3;
						DevelopmentTeam = 8ZKUDT7A65;
						ProvisioningStyle = Automatic;
					};
					A1FE252A20354A78001FB264 = {
						CreatedOnToolsVersion = 9.2;
						DevelopmentTeam = 8ZKUDT7A65;
						ProvisioningStyle = Automatic;
						SystemCapabilities = {
							com.apple.Sandbox = {
								enabled = 0;
							};
						};
					};
				};
			};
			buildConfigurationList = 5F480BD91EE7332800D3E7C9 /* Build configuration list for PBXProject "KaraokeToVideo" */;
			compatibilityVersion = "Xcode 3.2";
			developmentRegion = English;
			hasScannedForEncodings = 0;
			knownRegions = (
				en,
				Base,
			);
			mainGroup = 5F480BD51EE7332800D3E7C9;
			productRefGroup = 5F480BDF1EE7332800D3E7C9 /* Products */;
			projectDirPath = "";
			projectRoot = "";
			targets = (
				A1FE252A20354A78001FB264 /* KaraokeToVideoGUI */,
				5F480BDD1EE7332800D3E7C9 /* KaraokeToVideo */,
				A19A5C322071522700282829 /* KaraokeLib */,
			);
		};
/* End PBXProject section */

/* Begin PBXResourcesBuildPhase section */
		A1FE252920354A78001FB264 /* Resources */ = {
			isa = PBXResourcesBuildPhase;
			buildActionMask = 2147483647;
			files = (
				A1FE253420354A78001FB264 /* Assets.xcassets in Resources */,
				A1FE253720354A78001FB264 /* Main.storyboard in Resources */,
			);
			runOnlyForDeploymentPostprocessing = 0;
		};
/* End PBXResourcesBuildPhase section */

/* Begin PBXSourcesBuildPhase section */
		5F480BDA1EE7332800D3E7C9 /* Sources */ = {
			isa = PBXSourcesBuildPhase;
			buildActionMask = 2147483647;
			files = (
			);
			runOnlyForDeploymentPostprocessing = 0;
		};
		A19A5C2F2071522700282829 /* Sources */ = {
			isa = PBXSourcesBuildPhase;
			buildActionMask = 2147483647;
			files = (
				A19A5C3D2071523B00282829 /* CDGraphicsReader.m in Sources */,
				A19A5C3C2071523800282829 /* CDGToMp4.m in Sources */,
			);
			runOnlyForDeploymentPostprocessing = 0;
		};
		A1FE252720354A78001FB264 /* Sources */ = {
			isa = PBXSourcesBuildPhase;
			buildActionMask = 2147483647;
			files = (
				A1FE253220354A78001FB264 /* ViewController.m in Sources */,
				A1FE253A20354A78001FB264 /* main.m in Sources */,
				A19A5C16207088CF00282829 /* KaraokeDropView.m in Sources */,
				A1FE252F20354A78001FB264 /* AppDelegate.m in Sources */,
			);
			runOnlyForDeploymentPostprocessing = 0;
		};
/* End PBXSourcesBuildPhase section */

/* Begin PBXTargetDependency section */
		A19A5C402071525300282829 /* PBXTargetDependency */ = {
			isa = PBXTargetDependency;
			target = A19A5C322071522700282829 /* KaraokeLib */;
			targetProxy = A19A5C3F2071525300282829 /* PBXContainerItemProxy */;
		};
		A19A5C442071526600282829 /* PBXTargetDependency */ = {
			isa = PBXTargetDependency;
			target = A19A5C322071522700282829 /* KaraokeLib */;
			targetProxy = A19A5C432071526600282829 /* PBXContainerItemProxy */;
		};
/* End PBXTargetDependency section */

/* Begin PBXVariantGroup section */
		A1FE253520354A78001FB264 /* Main.storyboard */ = {
			isa = PBXVariantGroup;
			children = (
				A1FE253620354A78001FB264 /* Base */,
			);
			name = Main.storyboard;
			sourceTree = "<group>";
		};
/* End PBXVariantGroup section */

/* Begin XCBuildConfiguration section */
		5F480BE31EE7332800D3E7C9 /* Debug */ = {
			isa = XCBuildConfiguration;
			buildSettings = {
				ALWAYS_SEARCH_USER_PATHS = NO;
				CLANG_ANALYZER_NONNULL = YES;
				CLANG_ANALYZER_NUMBER_OBJECT_CONVERSION = YES_AGGRESSIVE;
				CLANG_CXX_LANGUAGE_STANDARD = "gnu++0x";
				CLANG_CXX_LIBRARY = "libc++";
				CLANG_ENABLE_MODULES = YES;
				CLANG_ENABLE_OBJC_ARC = YES;
				CLANG_WARN_BLOCK_CAPTURE_AUTORELEASING = YES;
				CLANG_WARN_BOOL_CONVERSION = YES;
				CLANG_WARN_COMMA = YES;
				CLANG_WARN_CONSTANT_CONVERSION = YES;
				CLANG_WARN_DEPRECATED_OBJC_IMPLEMENTATIONS = YES;
				CLANG_WARN_DIRECT_OBJC_ISA_USAGE = YES_ERROR;
				CLANG_WARN_DOCUMENTATION_COMMENTS = YES;
				CLANG_WARN_EMPTY_BODY = YES;
				CLANG_WARN_ENUM_CONVERSION = YES;
				CLANG_WARN_INFINITE_RECURSION = YES;
				CLANG_WARN_INT_CONVERSION = YES;
				CLANG_WARN_NON_LITERAL_NULL_CONVERSION = YES;
				CLANG_WARN_OBJC_IMPLICIT_RETAIN_SELF = YES;
				CLANG_WARN_OBJC_LITERAL_CONVERSION = YES;
				CLANG_WARN_OBJC_ROOT_CLASS = YES_ERROR;
				CLANG_WARN_RANGE_LOOP_ANALYSIS = YES;
				CLANG_WARN_STRICT_PROTOTYPES = YES;
				CLANG_WARN_SUSPICIOUS_MOVE = YES;
				CLANG_WARN_UNREACHABLE_CODE = YES;
				CLANG_WARN__DUPLICATE_METHOD_MATCH = YES;
				CODE_SIGN_IDENTITY = "-";
				COPY_PHASE_STRIP = NO;
				DEBUG_INFORMATION_FORMAT = dwarf;
				ENABLE_STRICT_OBJC_MSGSEND = YES;
				ENABLE_TESTABILITY = YES;
				GCC_C_LANGUAGE_STANDARD = gnu99;
				GCC_DYNAMIC_NO_PIC = NO;
				GCC_NO_COMMON_BLOCKS = YES;
				GCC_OPTIMIZATION_LEVEL = 0;
				GCC_PREPROCESSOR_DEFINITIONS = (
					"DEBUG=1",
					"$(inherited)",
				);
				GCC_WARN_64_TO_32_BIT_CONVERSION = YES;
				GCC_WARN_ABOUT_RETURN_TYPE = YES_ERROR;
				GCC_WARN_UNDECLARED_SELECTOR = YES;
				GCC_WARN_UNINITIALIZED_AUTOS = YES_AGGRESSIVE;
				GCC_WARN_UNUSED_FUNCTION = YES;
				GCC_WARN_UNUSED_VARIABLE = YES;
				MACOSX_DEPLOYMENT_TARGET = 10.12;
				MTL_ENABLE_DEBUG_INFO = YES;
				ONLY_ACTIVE_ARCH = YES;
				SDKROOT = macosx;
			};
			name = Debug;
		};
		5F480BE41EE7332800D3E7C9 /* Release */ = {
			isa = XCBuildConfiguration;
			buildSettings = {
				ALWAYS_SEARCH_USER_PATHS = NO;
				CLANG_ANALYZER_NONNULL = YES;
				CLANG_ANALYZER_NUMBER_OBJECT_CONVERSION = YES_AGGRESSIVE;
				CLANG_CXX_LANGUAGE_STANDARD = "gnu++0x";
				CLANG_CXX_LIBRARY = "libc++";
				CLANG_ENABLE_MODULES = YES;
				CLANG_ENABLE_OBJC_ARC = YES;
				CLANG_WARN_BLOCK_CAPTURE_AUTORELEASING = YES;
				CLANG_WARN_BOOL_CONVERSION = YES;
				CLANG_WARN_COMMA = YES;
				CLANG_WARN_CONSTANT_CONVERSION = YES;
				CLANG_WARN_DEPRECATED_OBJC_IMPLEMENTATIONS = YES;
				CLANG_WARN_DIRECT_OBJC_ISA_USAGE = YES_ERROR;
				CLANG_WARN_DOCUMENTATION_COMMENTS = YES;
				CLANG_WARN_EMPTY_BODY = YES;
				CLANG_WARN_ENUM_CONVERSION = YES;
				CLANG_WARN_INFINITE_RECURSION = YES;
				CLANG_WARN_INT_CONVERSION = YES;
				CLANG_WARN_NON_LITERAL_NULL_CONVERSION = YES;
				CLANG_WARN_OBJC_IMPLICIT_RETAIN_SELF = YES;
				CLANG_WARN_OBJC_LITERAL_CONVERSION = YES;
				CLANG_WARN_OBJC_ROOT_CLASS = YES_ERROR;
				CLANG_WARN_RANGE_LOOP_ANALYSIS = YES;
				CLANG_WARN_STRICT_PROTOTYPES = YES;
				CLANG_WARN_SUSPICIOUS_MOVE = YES;
				CLANG_WARN_UNREACHABLE_CODE = YES;
				CLANG_WARN__DUPLICATE_METHOD_MATCH = YES;
				CODE_SIGN_IDENTITY = "-";
				COPY_PHASE_STRIP = NO;
				DEBUG_INFORMATION_FORMAT = "dwarf-with-dsym";
				ENABLE_NS_ASSERTIONS = NO;
				ENABLE_STRICT_OBJC_MSGSEND = YES;
				GCC_C_LANGUAGE_STANDARD = gnu99;
				GCC_NO_COMMON_BLOCKS = YES;
				GCC_WARN_64_TO_32_BIT_CONVERSION = YES;
				GCC_WARN_ABOUT_RETURN_TYPE = YES_ERROR;
				GCC_WARN_UNDECLARED_SELECTOR = YES;
				GCC_WARN_UNINITIALIZED_AUTOS = YES_AGGRESSIVE;
				GCC_WARN_UNUSED_FUNCTION = YES;
				GCC_WARN_UNUSED_VARIABLE = YES;
				MACOSX_DEPLOYMENT_TARGET = 10.12;
				MTL_ENABLE_DEBUG_INFO = NO;
				SDKROOT = macosx;
				SWIFT_OPTIMIZATION_LEVEL = "-Owholemodule";
			};
			name = Release;
		};
		5F480BE61EE7332800D3E7C9 /* Debug */ = {
			isa = XCBuildConfiguration;
			buildSettings = {
				CODE_SIGN_IDENTITY = "Mac Developer";
				DEVELOPMENT_TEAM = 8ZKUDT7A65;
				MACOSX_DEPLOYMENT_TARGET = 10.6;
				PRODUCT_NAME = "$(TARGET_NAME)";
				PROVISIONING_PROFILE_SPECIFIER = "";
			};
			name = Debug;
		};
		5F480BE71EE7332800D3E7C9 /* Release */ = {
			isa = XCBuildConfiguration;
			buildSettings = {
				CODE_SIGN_IDENTITY = "Mac Developer";
				DEVELOPMENT_TEAM = 8ZKUDT7A65;
				MACOSX_DEPLOYMENT_TARGET = 10.6;
				PRODUCT_NAME = "$(TARGET_NAME)";
				PROVISIONING_PROFILE_SPECIFIER = "";
			};
			name = Release;
		};
		A19A5C3A2071522700282829 /* Debug */ = {
			isa = XCBuildConfiguration;
			buildSettings = {
				CLANG_CXX_LANGUAGE_STANDARD = "gnu++14";
				CLANG_ENABLE_OBJC_WEAK = YES;
				CLANG_WARN_UNGUARDED_AVAILABILITY = YES_AGGRESSIVE;
				CODE_SIGN_IDENTITY = "Mac Developer";
				CODE_SIGN_STYLE = Automatic;
				DEVELOPMENT_TEAM = 8ZKUDT7A65;
				EXECUTABLE_PREFIX = lib;
				GCC_C_LANGUAGE_STANDARD = gnu11;
				MACOSX_DEPLOYMENT_TARGET = 10.13;
				PRODUCT_NAME = "$(TARGET_NAME)";
				SKIP_INSTALL = YES;
			};
			name = Debug;
		};
		A19A5C3B2071522700282829 /* Release */ = {
			isa = XCBuildConfiguration;
			buildSettings = {
				CLANG_CXX_LANGUAGE_STANDARD = "gnu++14";
				CLANG_ENABLE_OBJC_WEAK = YES;
				CLANG_WARN_UNGUARDED_AVAILABILITY = YES_AGGRESSIVE;
				CODE_SIGN_IDENTITY = "Mac Developer";
				CODE_SIGN_STYLE = Automatic;
				DEVELOPMENT_TEAM = 8ZKUDT7A65;
				EXECUTABLE_PREFIX = lib;
				GCC_C_LANGUAGE_STANDARD = gnu11;
				MACOSX_DEPLOYMENT_TARGET = 10.13;
				PRODUCT_NAME = "$(TARGET_NAME)";
				SKIP_INSTALL = YES;
			};
			name = Release;
		};
		A1FE255320354A78001FB264 /* Debug */ = {
			isa = XCBuildConfiguration;
			buildSettings = {
				ASSETCATALOG_COMPILER_APPICON_NAME = AppIcon;
				CLANG_CXX_LANGUAGE_STANDARD = "gnu++14";
				CLANG_WARN_UNGUARDED_AVAILABILITY = YES_AGGRESSIVE;
				CODE_SIGN_IDENTITY = "Mac Developer";
				CODE_SIGN_STYLE = Automatic;
				COMBINE_HIDPI_IMAGES = YES;
				DEVELOPMENT_TEAM = 8ZKUDT7A65;
				GCC_C_LANGUAGE_STANDARD = gnu11;
				INFOPLIST_FILE = KaraokeToVideoGUI/Info.plist;
				LD_RUNPATH_SEARCH_PATHS = "$(inherited) @executable_path/../Frameworks";
				MACOSX_DEPLOYMENT_TARGET = 10.13;
				PRODUCT_BUNDLE_IDENTIFIER = com.echo.KaraokeToVideoGUI;
				PRODUCT_NAME = "$(TARGET_NAME)";
			};
			name = Debug;
		};
		A1FE255420354A78001FB264 /* Release */ = {
			isa = XCBuildConfiguration;
			buildSettings = {
				ASSETCATALOG_COMPILER_APPICON_NAME = AppIcon;
				CLANG_CXX_LANGUAGE_STANDARD = "gnu++14";
				CLANG_WARN_UNGUARDED_AVAILABILITY = YES_AGGRESSIVE;
				CODE_SIGN_IDENTITY = "Mac Developer";
				CODE_SIGN_STYLE = Automatic;
				COMBINE_HIDPI_IMAGES = YES;
				DEVELOPMENT_TEAM = 8ZKUDT7A65;
				GCC_C_LANGUAGE_STANDARD = gnu11;
				INFOPLIST_FILE = KaraokeToVideoGUI/Info.plist;
				LD_RUNPATH_SEARCH_PATHS = "$(inherited) @executable_path/../Frameworks";
				MACOSX_DEPLOYMENT_TARGET = 10.13;
				PRODUCT_BUNDLE_IDENTIFIER = com.echo.KaraokeToVideoGUI;
				PRODUCT_NAME = "$(TARGET_NAME)";
			};
			name = Release;
		};
/* End XCBuildConfiguration section */

/* Begin XCConfigurationList section */
		5F480BD91EE7332800D3E7C9 /* Build configuration list for PBXProject "KaraokeToVideo" */ = {
			isa = XCConfigurationList;
			buildConfigurations = (
				5F480BE31EE7332800D3E7C9 /* Debug */,
				5F480BE41EE7332800D3E7C9 /* Release */,
			);
			defaultConfigurationIsVisible = 0;
			defaultConfigurationName = Release;
		};
		5F480BE51EE7332800D3E7C9 /* Build configuration list for PBXNativeTarget "KaraokeToVideo" */ = {
			isa = XCConfigurationList;
			buildConfigurations = (
				5F480BE61EE7332800D3E7C9 /* Debug */,
				5F480BE71EE7332800D3E7C9 /* Release */,
			);
			defaultConfigurationIsVisible = 0;
			defaultConfigurationName = Release;
		};
		A19A5C392071522700282829 /* Build configuration list for PBXNativeTarget "KaraokeLib" */ = {
			isa = XCConfigurationList;
			buildConfigurations = (
				A19A5C3A2071522700282829 /* Debug */,
				A19A5C3B2071522700282829 /* Release */,
			);
			defaultConfigurationIsVisible = 0;
			defaultConfigurationName = Release;
		};
		A1FE255220354A78001FB264 /* Build configuration list for PBXNativeTarget "KaraokeToVideoGUI" */ = {
			isa = XCConfigurationList;
			buildConfigurations = (
				A1FE255320354A78001FB264 /* Debug */,
				A1FE255420354A78001FB264 /* Release */,
			);
			defaultConfigurationIsVisible = 0;
			defaultConfigurationName = Release;
		};
/* End XCConfigurationList section */
	};
	rootObject = 5F480BD61EE7332800D3E7C9 /* Project object */;
}
